
Microsoft Visual Studio Solution File, Format Version 12.00
# Visual Studio Version 16
VisualStudioVersion = 16.0.30413.136
MinimumVisualStudioVersion = 10.0.40219.1
Project("{FAE04EC0-301F-11D3-BF4B-00C04F79EFBC}") = "ukol3", "ukol3\ukol3.csproj", "{1F83E936-465F-4ABA-A730-810DBB21CD8D}"
EndProject
Global
	GlobalSection(SolutionConfigurationPlatforms) = preSolution
		Debug|Any CPU = Debug|Any CPU
		Release|Any CPU = Release|Any CPU
	EndGlobalSection
	GlobalSection(ProjectConfigurationPlatforms) = postSolution
		{1F83E936-465F-4ABA-A730-810DBB21CD8D}.Debug|Any CPU.ActiveCfg = Debug|Any CPU
		{1F83E936-465F-4ABA-A730-810DBB21CD8D}.Debug|Any CPU.Build.0 = Debug|Any CPU
		{1F83E936-465F-4ABA-A730-810DBB21CD8D}.Release|Any CPU.ActiveCfg = Release|Any CPU
		{1F83E936-465F-4ABA-A730-810DBB21CD8D}.Release|Any CPU.Build.0 = Release|Any CPU
	EndGlobalSection
	GlobalSection(SolutionProperties) = preSolution
		HideSolutionNode = FALSE
	EndGlobalSection
	GlobalSection(ExtensibilityGlobals) = postSolution
		SolutionGuid = {17125C76-76E6-4D7A-A8CC-F7928FF244CF}
	EndGlobalSection
EndGlobal
